
Microsoft Visual Studio Solution File, Format Version 12.00
# Visual Studio Version 17
VisualStudioVersion = 17.11.35222.181
MinimumVisualStudioVersion = 10.0.40219.1
Project("{2150E333-8FDC-42A3-9474-1A3956D46DE8}") = "01.Capa Base Datos", "01.Capa Base Datos", "{47C459E8-94C5-4B70-9AEF-CF3827E3C381}"
EndProject
Project("{00D1A9C2-B5F0-4AF3-8072-F6C62B433612}") = "Colegio.GestionMatriculas.BaseDatos", "Colegio.GestionMatriculas.BaseDatos\Colegio.GestionMatriculas.BaseDatos.sqlproj", "{F38D0D33-845A-4BDF-8D9A-25AA7637A29A}"
EndProject
Project("{2150E333-8FDC-42A3-9474-1A3956D46DE8}") = "02. Capa Acceso Datos", "02. Capa Acceso Datos", "{C8664AB4-9B27-473A-A2CE-674E48AD7AFB}"
EndProject
Project("{FAE04EC0-301F-11D3-BF4B-00C04F79EFBC}") = "Colegio.GestionMatriculas.AccesoDatos", "Colegio.GestionMatriculas.AccesoDatos\Colegio.GestionMatriculas.AccesoDatos.csproj", "{AB953AD3-B915-4934-8F0B-0958966F941C}"
EndProject
Project("{FAE04EC0-301F-11D3-BF4B-00C04F79EFBC}") = "Colegio.GestionMatriculas.AccesoDatos.Entidades", "Colegio.GestionMatriculas.AccesoDatos.Entidades\Colegio.GestionMatriculas.AccesoDatos.Entidades.csproj", "{6C1A8C64-2DF9-4189-AB09-65CFF0D40E7A}"
EndProject
Global
	GlobalSection(SolutionConfigurationPlatforms) = preSolution
		Debug|Any CPU = Debug|Any CPU
		Release|Any CPU = Release|Any CPU
	EndGlobalSection
	GlobalSection(ProjectConfigurationPlatforms) = postSolution
		{F38D0D33-845A-4BDF-8D9A-25AA7637A29A}.Debug|Any CPU.ActiveCfg = Debug|Any CPU
		{F38D0D33-845A-4BDF-8D9A-25AA7637A29A}.Debug|Any CPU.Build.0 = Debug|Any CPU
		{F38D0D33-845A-4BDF-8D9A-25AA7637A29A}.Debug|Any CPU.Deploy.0 = Debug|Any CPU
		{F38D0D33-845A-4BDF-8D9A-25AA7637A29A}.Release|Any CPU.ActiveCfg = Release|Any CPU
		{F38D0D33-845A-4BDF-8D9A-25AA7637A29A}.Release|Any CPU.Build.0 = Release|Any CPU
		{F38D0D33-845A-4BDF-8D9A-25AA7637A29A}.Release|Any CPU.Deploy.0 = Release|Any CPU
		{AB953AD3-B915-4934-8F0B-0958966F941C}.Debug|Any CPU.ActiveCfg = Debug|Any CPU
		{AB953AD3-B915-4934-8F0B-0958966F941C}.Debug|Any CPU.Build.0 = Debug|Any CPU
		{AB953AD3-B915-4934-8F0B-0958966F941C}.Release|Any CPU.ActiveCfg = Release|Any CPU
		{AB953AD3-B915-4934-8F0B-0958966F941C}.Release|Any CPU.Build.0 = Release|Any CPU
		{6C1A8C64-2DF9-4189-AB09-65CFF0D40E7A}.Debug|Any CPU.ActiveCfg = Debug|Any CPU
		{6C1A8C64-2DF9-4189-AB09-65CFF0D40E7A}.Debug|Any CPU.Build.0 = Debug|Any CPU
		{6C1A8C64-2DF9-4189-AB09-65CFF0D40E7A}.Release|Any CPU.ActiveCfg = Release|Any CPU
		{6C1A8C64-2DF9-4189-AB09-65CFF0D40E7A}.Release|Any CPU.Build.0 = Release|Any CPU
	EndGlobalSection
	GlobalSection(SolutionProperties) = preSolution
		HideSolutionNode = FALSE
	EndGlobalSection
	GlobalSection(NestedProjects) = preSolution
		{F38D0D33-845A-4BDF-8D9A-25AA7637A29A} = {47C459E8-94C5-4B70-9AEF-CF3827E3C381}
		{AB953AD3-B915-4934-8F0B-0958966F941C} = {C8664AB4-9B27-473A-A2CE-674E48AD7AFB}
		{6C1A8C64-2DF9-4189-AB09-65CFF0D40E7A} = {C8664AB4-9B27-473A-A2CE-674E48AD7AFB}
	EndGlobalSection
	GlobalSection(ExtensibilityGlobals) = postSolution
		SolutionGuid = {F76A0D8F-41C8-4083-8FC6-4E884FB3C846}
	EndGlobalSection
EndGlobal
